// !$*UTF8*$!
{
	archiveVersion = 1;
	classes = {
	};
	objectVersion = 50;
	objects = {

/* Begin PBXBuildFile section */
		477508C825D7AD86008CEA20 /* AppDelegate.swift in Sources */ = {isa = PBXBuildFile; fileRef = 477508C725D7AD86008CEA20 /* AppDelegate.swift */; };
		477508CA25D7AD86008CEA20 /* SceneDelegate.swift in Sources */ = {isa = PBXBuildFile; fileRef = 477508C925D7AD86008CEA20 /* SceneDelegate.swift */; };
		477508CC25D7AD86008CEA20 /* ViewController.swift in Sources */ = {isa = PBXBuildFile; fileRef = 477508CB25D7AD86008CEA20 /* ViewController.swift */; };
		477508CF25D7AD86008CEA20 /* Main.storyboard in Resources */ = {isa = PBXBuildFile; fileRef = 477508CD25D7AD86008CEA20 /* Main.storyboard */; };
		477508D125D7AD86008CEA20 /* Assets.xcassets in Resources */ = {isa = PBXBuildFile; fileRef = 477508D025D7AD86008CEA20 /* Assets.xcassets */; };
		477508D425D7AD86008CEA20 /* LaunchScreen.storyboard in Resources */ = {isa = PBXBuildFile; fileRef = 477508D225D7AD86008CEA20 /* LaunchScreen.storyboard */; };
		477508DF25D7AD86008CEA20 /* FlixTests.swift in Sources */ = {isa = PBXBuildFile; fileRef = 477508DE25D7AD86008CEA20 /* FlixTests.swift */; };
		477508EA25D7AD86008CEA20 /* FlixUITests.swift in Sources */ = {isa = PBXBuildFile; fileRef = 477508E925D7AD86008CEA20 /* FlixUITests.swift */; };
/* End PBXBuildFile section */

/* Begin PBXContainerItemProxy section */
		477508DB25D7AD86008CEA20 /* PBXContainerItemProxy */ = {
			isa = PBXContainerItemProxy;
			containerPortal = 477508BC25D7AD86008CEA20 /* Project object */;
			proxyType = 1;
			remoteGlobalIDString = 477508C325D7AD86008CEA20;
			remoteInfo = Flix;
		};
		477508E625D7AD86008CEA20 /* PBXContainerItemProxy */ = {
			isa = PBXContainerItemProxy;
			containerPortal = 477508BC25D7AD86008CEA20 /* Project object */;
			proxyType = 1;
			remoteGlobalIDString = 477508C325D7AD86008CEA20;
			remoteInfo = Flix;
		};
/* End PBXContainerItemProxy section */

/* Begin PBXFileReference section */
		477508C425D7AD86008CEA20 /* Flix.app */ = {isa = PBXFileReference; explicitFileType = wrapper.application; includeInIndex = 0; path = Flix.app; sourceTree = BUILT_PRODUCTS_DIR; };
		477508C725D7AD86008CEA20 /* AppDelegate.swift */ = {isa = PBXFileReference; lastKnownFileType = sourcecode.swift; path = AppDelegate.swift; sourceTree = "<group>"; };
		477508C925D7AD86008CEA20 /* SceneDelegate.swift */ = {isa = PBXFileReference; lastKnownFileType = sourcecode.swift; path = SceneDelegate.swift; sourceTree = "<group>"; };
		477508CB25D7AD86008CEA20 /* ViewController.swift */ = {isa = PBXFileReference; lastKnownFileType = sourcecode.swift; path = ViewController.swift; sourceTree = "<group>"; };
		477508CE25D7AD86008CEA20 /* Base */ = {isa = PBXFileReference; lastKnownFileType = file.storyboard; name = Base; path = Base.lproj/Main.storyboard; sourceTree = "<group>"; };
		477508D025D7AD86008CEA20 /* Assets.xcassets */ = {isa = PBXFileReference; lastKnownFileType = folder.assetcatalog; path = Assets.xcassets; sourceTree = "<group>"; };
		477508D325D7AD86008CEA20 /* Base */ = {isa = PBXFileReference; lastKnownFileType = file.storyboard; name = Base; path = Base.lproj/LaunchScreen.storyboard; sourceTree = "<group>"; };
		477508D525D7AD86008CEA20 /* Info.plist */ = {isa = PBXFileReference; lastKnownFileType = text.plist.xml; path = Info.plist; sourceTree = "<group>"; };
		477508DA25D7AD86008CEA20 /* FlixTests.xctest */ = {isa = PBXFileReference; explicitFileType = wrapper.cfbundle; includeInIndex = 0; path = FlixTests.xctest; sourceTree = BUILT_PRODUCTS_DIR; };
		477508DE25D7AD86008CEA20 /* FlixTests.swift */ = {isa = PBXFileReference; lastKnownFileType = sourcecode.swift; path = FlixTests.swift; sourceTree = "<group>"; };
		477508E025D7AD86008CEA20 /* Info.plist */ = {isa = PBXFileReference; lastKnownFileType = text.plist.xml; path = Info.plist; sourceTree = "<group>"; };
		477508E525D7AD86008CEA20 /* FlixUITests.xctest */ = {isa = PBXFileReference; explicitFileType = wrapper.cfbundle; includeInIndex = 0; path = FlixUITests.xctest; sourceTree = BUILT_PRODUCTS_DIR; };
		477508E925D7AD86008CEA20 /* FlixUITests.swift */ = {isa = PBXFileReference; lastKnownFileType = sourcecode.swift; path = FlixUITests.swift; sourceTree = "<group>"; };
		477508EB25D7AD86008CEA20 /* Info.plist */ = {isa = PBXFileReference; lastKnownFileType = text.plist.xml; path = Info.plist; sourceTree = "<group>"; };
/* End PBXFileReference section */

/* Begin PBXFrameworksBuildPhase section */
		477508C125D7AD86008CEA20 /* Frameworks */ = {
			isa = PBXFrameworksBuildPhase;
			buildActionMask = 2147483647;
			files = (
			);
			runOnlyForDeploymentPostprocessing = 0;
		};
		477508D725D7AD86008CEA20 /* Frameworks */ = {
			isa = PBXFrameworksBuildPhase;
			buildActionMask = 2147483647;
			files = (
			);
			runOnlyForDeploymentPostprocessing = 0;
		};
		477508E225D7AD86008CEA20 /* Frameworks */ = {
			isa = PBXFrameworksBuildPhase;
			buildActionMask = 2147483647;
			files = (
			);
			runOnlyForDeploymentPostprocessing = 0;
		};
/* End PBXFrameworksBuildPhase section */

/* Begin PBXGroup section */
		477508BB25D7AD86008CEA20 = {
			isa = PBXGroup;
			children = (
				477508C625D7AD86008CEA20 /* Flix */,
				477508DD25D7AD86008CEA20 /* FlixTests */,
				477508E825D7AD86008CEA20 /* FlixUITests */,
				477508C525D7AD86008CEA20 /* Products */,
			);
			sourceTree = "<group>";
		};
		477508C525D7AD86008CEA20 /* Products */ = {
			isa = PBXGroup;
			children = (
				477508C425D7AD86008CEA20 /* Flix.app */,
				477508DA25D7AD86008CEA20 /* FlixTests.xctest */,
				477508E525D7AD86008CEA20 /* FlixUITests.xctest */,
			);
			name = Products;
			sourceTree = "<group>";
		};
		477508C625D7AD86008CEA20 /* Flix */ = {
			isa = PBXGroup;
			children = (
				477508C725D7AD86008CEA20 /* AppDelegate.swift */,
				477508C925D7AD86008CEA20 /* SceneDelegate.swift */,
				477508CB25D7AD86008CEA20 /* ViewController.swift */,
				477508CD25D7AD86008CEA20 /* Main.storyboard */,
				477508D025D7AD86008CEA20 /* Assets.xcassets */,
				477508D225D7AD86008CEA20 /* LaunchScreen.storyboard */,
				477508D525D7AD86008CEA20 /* Info.plist */,
			);
			path = Flix;
			sourceTree = "<group>";
		};
		477508DD25D7AD86008CEA20 /* FlixTests */ = {
			isa = PBXGroup;
			children = (
				477508DE25D7AD86008CEA20 /* FlixTests.swift */,
				477508E025D7AD86008CEA20 /* Info.plist */,
			);
			path = FlixTests;
			sourceTree = "<group>";
		};
		477508E825D7AD86008CEA20 /* FlixUITests */ = {
			isa = PBXGroup;
			children = (
				477508E925D7AD86008CEA20 /* FlixUITests.swift */,
				477508EB25D7AD86008CEA20 /* Info.plist */,
			);
			path = FlixUITests;
			sourceTree = "<group>";
		};
/* End PBXGroup section */

/* Begin PBXNativeTarget section */
		477508C325D7AD86008CEA20 /* Flix */ = {
			isa = PBXNativeTarget;
			buildConfigurationList = 477508EE25D7AD86008CEA20 /* Build configuration list for PBXNativeTarget "Flix" */;
			buildPhases = (
				477508C025D7AD86008CEA20 /* Sources */,
				477508C125D7AD86008CEA20 /* Frameworks */,
				477508C225D7AD86008CEA20 /* Resources */,
			);
			buildRules = (
			);
			dependencies = (
			);
			name = Flix;
			productName = Flix;
			productReference = 477508C425D7AD86008CEA20 /* Flix.app */;
			productType = "com.apple.product-type.application";
		};
		477508D925D7AD86008CEA20 /* FlixTests */ = {
			isa = PBXNativeTarget;
			buildConfigurationList = 477508F125D7AD86008CEA20 /* Build configuration list for PBXNativeTarget "FlixTests" */;
			buildPhases = (
				477508D625D7AD86008CEA20 /* Sources */,
				477508D725D7AD86008CEA20 /* Frameworks */,
				477508D825D7AD86008CEA20 /* Resources */,
			);
			buildRules = (
			);
			dependencies = (
				477508DC25D7AD86008CEA20 /* PBXTargetDependency */,
			);
			name = FlixTests;
			productName = FlixTests;
			productReference = 477508DA25D7AD86008CEA20 /* FlixTests.xctest */;
			productType = "com.apple.product-type.bundle.unit-test";
		};
		477508E425D7AD86008CEA20 /* FlixUITests */ = {
			isa = PBXNativeTarget;
			buildConfigurationList = 477508F425D7AD86008CEA20 /* Build configuration list for PBXNativeTarget "FlixUITests" */;
			buildPhases = (
				477508E125D7AD86008CEA20 /* Sources */,
				477508E225D7AD86008CEA20 /* Frameworks */,
				477508E325D7AD86008CEA20 /* Resources */,
			);
			buildRules = (
			);
			dependencies = (
				477508E725D7AD86008CEA20 /* PBXTargetDependency */,
			);
			name = FlixUITests;
			productName = FlixUITests;
			productReference = 477508E525D7AD86008CEA20 /* FlixUITests.xctest */;
			productType = "com.apple.product-type.bundle.ui-testing";
		};
/* End PBXNativeTarget section */

/* Begin PBXProject section */
		477508BC25D7AD86008CEA20 /* Project object */ = {
			isa = PBXProject;
			attributes = {
				LastSwiftUpdateCheck = 1240;
				LastUpgradeCheck = 1240;
				TargetAttributes = {
					477508C325D7AD86008CEA20 = {
						CreatedOnToolsVersion = 12.4;
					};
					477508D925D7AD86008CEA20 = {
						CreatedOnToolsVersion = 12.4;
						TestTargetID = 477508C325D7AD86008CEA20;
					};
					477508E425D7AD86008CEA20 = {
						CreatedOnToolsVersion = 12.4;
						TestTargetID = 477508C325D7AD86008CEA20;
					};
				};
			};
			buildConfigurationList = 477508BF25D7AD86008CEA20 /* Build configuration list for PBXProject "Flix" */;
			compatibilityVersion = "Xcode 9.3";
			developmentRegion = en;
			hasScannedForEncodings = 0;
			knownRegions = (
				en,
				Base,
			);
			mainGroup = 477508BB25D7AD86008CEA20;
			productRefGroup = 477508C525D7AD86008CEA20 /* Products */;
			projectDirPath = "";
			projectRoot = "";
			targets = (
				477508C325D7AD86008CEA20 /* Flix */,
				477508D925D7AD86008CEA20 /* FlixTests */,
				477508E425D7AD86008CEA20 /* FlixUITests */,
			);
		};
/* End PBXProject section */

/* Begin PBXResourcesBuildPhase section */
		477508C225D7AD86008CEA20 /* Resources */ = {
			isa = PBXResourcesBuildPhase;
			buildActionMask = 2147483647;
			files = (
				477508D425D7AD86008CEA20 /* LaunchScreen.storyboard in Resources */,
				477508D125D7AD86008CEA20 /* Assets.xcassets in Resources */,
				477508CF25D7AD86008CEA20 /* Main.storyboard in Resources */,
			);
			runOnlyForDeploymentPostprocessing = 0;
		};
		477508D825D7AD86008CEA20 /* Resources */ = {
			isa = PBXResourcesBuildPhase;
			buildActionMask = 2147483647;
			files = (
			);
			runOnlyForDeploymentPostprocessing = 0;
		};
		477508E325D7AD86008CEA20 /* Resources */ = {
			isa = PBXResourcesBuildPhase;
			buildActionMask = 2147483647;
			files = (
			);
			runOnlyForDeploymentPostprocessing = 0;
		};
/* End PBXResourcesBuildPhase section */

/* Begin PBXSourcesBuildPhase section */
		477508C025D7AD86008CEA20 /* Sources */ = {
			isa = PBXSourcesBuildPhase;
			buildActionMask = 2147483647;
			files = (
				477508CC25D7AD86008CEA20 /* ViewController.swift in Sources */,
				477508C825D7AD86008CEA20 /* AppDelegate.swift in Sources */,
				477508CA25D7AD86008CEA20 /* SceneDelegate.swift in Sources */,
			);
			runOnlyForDeploymentPostprocessing = 0;
		};
		477508D625D7AD86008CEA20 /* Sources */ = {
			isa = PBXSourcesBuildPhase;
			buildActionMask = 2147483647;
			files = (
				477508DF25D7AD86008CEA20 /* FlixTests.swift in Sources */,
			);
			runOnlyForDeploymentPostprocessing = 0;
		};
		477508E125D7AD86008CEA20 /* Sources */ = {
			isa = PBXSourcesBuildPhase;
			buildActionMask = 2147483647;
			files = (
				477508EA25D7AD86008CEA20 /* FlixUITests.swift in Sources */,
			);
			runOnlyForDeploymentPostprocessing = 0;
		};
/* End PBXSourcesBuildPhase section */

/* Begin PBXTargetDependency section */
		477508DC25D7AD86008CEA20 /* PBXTargetDependency */ = {
			isa = PBXTargetDependency;
			target = 477508C325D7AD86008CEA20 /* Flix */;
			targetProxy = 477508DB25D7AD86008CEA20 /* PBXContainerItemProxy */;
		};
		477508E725D7AD86008CEA20 /* PBXTargetDependency */ = {
			isa = PBXTargetDependency;
			target = 477508C325D7AD86008CEA20 /* Flix */;
			targetProxy = 477508E625D7AD86008CEA20 /* PBXContainerItemProxy */;
		};
/* End PBXTargetDependency section */

/* Begin PBXVariantGroup section */
		477508CD25D7AD86008CEA20 /* Main.storyboard */ = {
			isa = PBXVariantGroup;
			children = (
				477508CE25D7AD86008CEA20 /* Base */,
			);
			name = Main.storyboard;
			sourceTree = "<group>";
		};
		477508D225D7AD86008CEA20 /* LaunchScreen.storyboard */ = {
			isa = PBXVariantGroup;
			children = (
				477508D325D7AD86008CEA20 /* Base */,
			);
			name = LaunchScreen.storyboard;
			sourceTree = "<group>";
		};
/* End PBXVariantGroup section */

/* Begin XCBuildConfiguration section */
		477508EC25D7AD86008CEA20 /* Debug */ = {
			isa = XCBuildConfiguration;
			buildSettings = {
				ALWAYS_SEARCH_USER_PATHS = NO;
				CLANG_ANALYZER_NONNULL = YES;
				CLANG_ANALYZER_NUMBER_OBJECT_CONVERSION = YES_AGGRESSIVE;
				CLANG_CXX_LANGUAGE_STANDARD = "gnu++14";
				CLANG_CXX_LIBRARY = "libc++";
				CLANG_ENABLE_MODULES = YES;
				CLANG_ENABLE_OBJC_ARC = YES;
				CLANG_ENABLE_OBJC_WEAK = YES;
				CLANG_WARN_BLOCK_CAPTURE_AUTORELEASING = YES;
				CLANG_WARN_BOOL_CONVERSION = YES;
				CLANG_WARN_COMMA = YES;
				CLANG_WARN_CONSTANT_CONVERSION = YES;
				CLANG_WARN_DEPRECATED_OBJC_IMPLEMENTATIONS = YES;
				CLANG_WARN_DIRECT_OBJC_ISA_USAGE = YES_ERROR;
				CLANG_WARN_DOCUMENTATION_COMMENTS = YES;
				CLANG_WARN_EMPTY_BODY = YES;
				CLANG_WARN_ENUM_CONVERSION = YES;
				CLANG_WARN_INFINITE_RECURSION = YES;
				CLANG_WARN_INT_CONVERSION = YES;
				CLANG_WARN_NON_LITERAL_NULL_CONVERSION = YES;
				CLANG_WARN_OBJC_IMPLICIT_RETAIN_SELF = YES;
				CLANG_WARN_OBJC_LITERAL_CONVERSION = YES;
				CLANG_WARN_OBJC_ROOT_CLASS = YES_ERROR;
				CLANG_WARN_QUOTED_INCLUDE_IN_FRAMEWORK_HEADER = YES;
				CLANG_WARN_RANGE_LOOP_ANALYSIS = YES;
				CLANG_WARN_STRICT_PROTOTYPES = YES;
				CLANG_WARN_SUSPICIOUS_MOVE = YES;
				CLANG_WARN_UNGUARDED_AVAILABILITY = YES_AGGRESSIVE;
				CLANG_WARN_UNREACHABLE_CODE = YES;
				CLANG_WARN__DUPLICATE_METHOD_MATCH = YES;
				COPY_PHASE_STRIP = NO;
				DEBUG_INFORMATION_FORMAT = dwarf;
				ENABLE_STRICT_OBJC_MSGSEND = YES;
				ENABLE_TESTABILITY = YES;
				GCC_C_LANGUAGE_STANDARD = gnu11;
				GCC_DYNAMIC_NO_PIC = NO;
				GCC_NO_COMMON_BLOCKS = YES;
				GCC_OPTIMIZATION_LEVEL = 0;
				GCC_PREPROCESSOR_DEFINITIONS = (
					"DEBUG=1",
					"$(inherited)",
				);
				GCC_WARN_64_TO_32_BIT_CONVERSION = YES;
				GCC_WARN_ABOUT_RETURN_TYPE = YES_ERROR;
				GCC_WARN_UNDECLARED_SELECTOR = YES;
				GCC_WARN_UNINITIALIZED_AUTOS = YES_AGGRESSIVE;
				GCC_WARN_UNUSED_FUNCTION = YES;
				GCC_WARN_UNUSED_VARIABLE = YES;
				IPHONEOS_DEPLOYMENT_TARGET = 14.4;
				MTL_ENABLE_DEBUG_INFO = INCLUDE_SOURCE;
				MTL_FAST_MATH = YES;
				ONLY_ACTIVE_ARCH = YES;
				SDKROOT = iphoneos;
				SWIFT_ACTIVE_COMPILATION_CONDITIONS = DEBUG;
				SWIFT_OPTIMIZATION_LEVEL = "-Onone";
			};
			name = Debug;
		};
		477508ED25D7AD86008CEA20 /* Release */ = {
			isa = XCBuildConfiguration;
			buildSettings = {
				ALWAYS_SEARCH_USER_PATHS = NO;
				CLANG_ANALYZER_NONNULL = YES;
				CLANG_ANALYZER_NUMBER_OBJECT_CONVERSION = YES_AGGRESSIVE;
				CLANG_CXX_LANGUAGE_STANDARD = "gnu++14";
				CLANG_CXX_LIBRARY = "libc++";
				CLANG_ENABLE_MODULES = YES;
				CLANG_ENABLE_OBJC_ARC = YES;
				CLANG_ENABLE_OBJC_WEAK = YES;
				CLANG_WARN_BLOCK_CAPTURE_AUTORELEASING = YES;
				CLANG_WARN_BOOL_CONVERSION = YES;
				CLANG_WARN_COMMA = YES;
				CLANG_WARN_CONSTANT_CONVERSION = YES;
				CLANG_WARN_DEPRECATED_OBJC_IMPLEMENTATIONS = YES;
				CLANG_WARN_DIRECT_OBJC_ISA_USAGE = YES_ERROR;
				CLANG_WARN_DOCUMENTATION_COMMENTS = YES;
				CLANG_WARN_EMPTY_BODY = YES;
				CLANG_WARN_ENUM_CONVERSION = YES;
				CLANG_WARN_INFINITE_RECURSION = YES;
				CLANG_WARN_INT_CONVERSION = YES;
				CLANG_WARN_NON_LITERAL_NULL_CONVERSION = YES;
				CLANG_WARN_OBJC_IMPLICIT_RETAIN_SELF = YES;
				CLANG_WARN_OBJC_LITERAL_CONVERSION = YES;
				CLANG_WARN_OBJC_ROOT_CLASS = YES_ERROR;
				CLANG_WARN_QUOTED_INCLUDE_IN_FRAMEWORK_HEADER = YES;
				CLANG_WARN_RANGE_LOOP_ANALYSIS = YES;
				CLANG_WARN_STRICT_PROTOTYPES = YES;
				CLANG_WARN_SUSPICIOUS_MOVE = YES;
				CLANG_WARN_UNGUARDED_AVAILABILITY = YES_AGGRESSIVE;
				CLANG_WARN_UNREACHABLE_CODE = YES;
				CLANG_WARN__DUPLICATE_METHOD_MATCH = YES;
				COPY_PHASE_STRIP = NO;
				DEBUG_INFORMATION_FORMAT = "dwarf-with-dsym";
				ENABLE_NS_ASSERTIONS = NO;
				ENABLE_STRICT_OBJC_MSGSEND = YES;
				GCC_C_LANGUAGE_STANDARD = gnu11;
				GCC_NO_COMMON_BLOCKS = YES;
				GCC_WARN_64_TO_32_BIT_CONVERSION = YES;
				GCC_WARN_ABOUT_RETURN_TYPE = YES_ERROR;
				GCC_WARN_UNDECLARED_SELECTOR = YES;
				GCC_WARN_UNINITIALIZED_AUTOS = YES_AGGRESSIVE;
				GCC_WARN_UNUSED_FUNCTION = YES;
				GCC_WARN_UNUSED_VARIABLE = YES;
				IPHONEOS_DEPLOYMENT_TARGET = 14.4;
				MTL_ENABLE_DEBUG_INFO = NO;
				MTL_FAST_MATH = YES;
				SDKROOT = iphoneos;
				SWIFT_COMPILATION_MODE = wholemodule;
				SWIFT_OPTIMIZATION_LEVEL = "-O";
				VALIDATE_PRODUCT = YES;
			};
			name = Release;
		};
		477508EF25D7AD86008CEA20 /* Debug */ = {
			isa = XCBuildConfiguration;
			buildSettings = {
				ASSETCATALOG_COMPILER_APPICON_NAME = AppIcon;
				ASSETCATALOG_COMPILER_GLOBAL_ACCENT_COLOR_NAME = AccentColor;
				CODE_SIGN_STYLE = Automatic;
				INFOPLIST_FILE = Flix/Info.plist;
				LD_RUNPATH_SEARCH_PATHS = (
					"$(inherited)",
					"@executable_path/Frameworks",
				);
				PRODUCT_BUNDLE_IDENTIFIER = codepath.Flix;
				PRODUCT_NAME = "$(TARGET_NAME)";
				SWIFT_VERSION = 5.0;
				TARGETED_DEVICE_FAMILY = "1,2";
			};
			name = Debug;
		};
		477508F025D7AD86008CEA20 /* Release */ = {
			isa = XCBuildConfiguration;
			buildSettings = {
				ASSETCATALOG_COMPILER_APPICON_NAME = AppIcon;
				ASSETCATALOG_COMPILER_GLOBAL_ACCENT_COLOR_NAME = AccentColor;
				CODE_SIGN_STYLE = Automatic;
				INFOPLIST_FILE = Flix/Info.plist;
				LD_RUNPATH_SEARCH_PATHS = (
					"$(inherited)",
					"@executable_path/Frameworks",
				);
				PRODUCT_BUNDLE_IDENTIFIER = codepath.Flix;
				PRODUCT_NAME = "$(TARGET_NAME)";
				SWIFT_VERSION = 5.0;
				TARGETED_DEVICE_FAMILY = "1,2";
			};
			name = Release;
		};
		477508F225D7AD86008CEA20 /* Debug */ = {
			isa = XCBuildConfiguration;
			buildSettings = {
				ALWAYS_EMBED_SWIFT_STANDARD_LIBRARIES = YES;
				BUNDLE_LOADER = "$(TEST_HOST)";
				CODE_SIGN_STYLE = Automatic;
				INFOPLIST_FILE = FlixTests/Info.plist;
				IPHONEOS_DEPLOYMENT_TARGET = 14.4;
				LD_RUNPATH_SEARCH_PATHS = (
					"$(inherited)",
					"@executable_path/Frameworks",
					"@loader_path/Frameworks",
				);
				PRODUCT_BUNDLE_IDENTIFIER = codepath.FlixTests;
				PRODUCT_NAME = "$(TARGET_NAME)";
				SWIFT_VERSION = 5.0;
				TARGETED_DEVICE_FAMILY = "1,2";
				TEST_HOST = "$(BUILT_PRODUCTS_DIR)/Flix.app/Flix";
			};
			name = Debug;
		};
		477508F325D7AD86008CEA20 /* Release */ = {
			isa = XCBuildConfiguration;
			buildSettings = {
				ALWAYS_EMBED_SWIFT_STANDARD_LIBRARIES = YES;
				BUNDLE_LOADER = "$(TEST_HOST)";
				CODE_SIGN_STYLE = Automatic;
				INFOPLIST_FILE = FlixTests/Info.plist;
				IPHONEOS_DEPLOYMENT_TARGET = 14.4;
				LD_RUNPATH_SEARCH_PATHS = (
					"$(inherited)",
					"@executable_path/Frameworks",
					"@loader_path/Frameworks",
				);
				PRODUCT_BUNDLE_IDENTIFIER = codepath.FlixTests;
				PRODUCT_NAME = "$(TARGET_NAME)";
				SWIFT_VERSION = 5.0;
				TARGETED_DEVICE_FAMILY = "1,2";
				TEST_HOST = "$(BUILT_PRODUCTS_DIR)/Flix.app/Flix";
			};
			name = Release;
		};
		477508F525D7AD86008CEA20 /* Debug */ = {
			isa = XCBuildConfiguration;
			buildSettings = {
				ALWAYS_EMBED_SWIFT_STANDARD_LIBRARIES = YES;
				CODE_SIGN_STYLE = Automatic;
				INFOPLIST_FILE = FlixUITests/Info.plist;
				LD_RUNPATH_SEARCH_PATHS = (
					"$(inherited)",
					"@executable_path/Frameworks",
					"@loader_path/Frameworks",
				);
				PRODUCT_BUNDLE_IDENTIFIER = codepath.FlixUITests;
				PRODUCT_NAME = "$(TARGET_NAME)";
				SWIFT_VERSION = 5.0;
				TARGETED_DEVICE_FAMILY = "1,2";
				TEST_TARGET_NAME = Flix;
			};
			name = Debug;
		};
		477508F625D7AD86008CEA20 /* Release */ = {
			isa = XCBuildConfiguration;
			buildSettings = {
				ALWAYS_EMBED_SWIFT_STANDARD_LIBRARIES = YES;
				CODE_SIGN_STYLE = Automatic;
				INFOPLIST_FILE = FlixUITests/Info.plist;
				LD_RUNPATH_SEARCH_PATHS = (
					"$(inherited)",
					"@executable_path/Frameworks",
					"@loader_path/Frameworks",
				);
				PRODUCT_BUNDLE_IDENTIFIER = codepath.FlixUITests;
				PRODUCT_NAME = "$(TARGET_NAME)";
				SWIFT_VERSION = 5.0;
				TARGETED_DEVICE_FAMILY = "1,2";
				TEST_TARGET_NAME = Flix;
			};
			name = Release;
		};
/* End XCBuildConfiguration section */

/* Begin XCConfigurationList section */
		477508BF25D7AD86008CEA20 /* Build configuration list for PBXProject "Flix" */ = {
			isa = XCConfigurationList;
			buildConfigurations = (
				477508EC25D7AD86008CEA20 /* Debug */,
				477508ED25D7AD86008CEA20 /* Release */,
			);
			defaultConfigurationIsVisible = 0;
			defaultConfigurationName = Release;
		};
		477508EE25D7AD86008CEA20 /* Build configuration list for PBXNativeTarget "Flix" */ = {
			isa = XCConfigurationList;
			buildConfigurations = (
				477508EF25D7AD86008CEA20 /* Debug */,
				477508F025D7AD86008CEA20 /* Release */,
			);
			defaultConfigurationIsVisible = 0;
			defaultConfigurationName = Release;
		};
		477508F125D7AD86008CEA20 /* Build configuration list for PBXNativeTarget "FlixTests" */ = {
			isa = XCConfigurationList;
			buildConfigurations = (
				477508F225D7AD86008CEA20 /* Debug */,
				477508F325D7AD86008CEA20 /* Release */,
			);
			defaultConfigurationIsVisible = 0;
			defaultConfigurationName = Release;
		};
		477508F425D7AD86008CEA20 /* Build configuration list for PBXNativeTarget "FlixUITests" */ = {
			isa = XCConfigurationList;
			buildConfigurations = (
				477508F525D7AD86008CEA20 /* Debug */,
				477508F625D7AD86008CEA20 /* Release */,
			);
			defaultConfigurationIsVisible = 0;
			defaultConfigurationName = Release;
		};
/* End XCConfigurationList section */
	};
	rootObject = 477508BC25D7AD86008CEA20 /* Project object */;
}
